{
  "name": "mp3_cutter",
  "version": "1.0.0",
  "lockfileVersion": 2,
  "requires": true,
  "packages": {
    "": {
      "name": "mp3_cutter",
      "version": "1.0.0",
      "license": "ISC",
      "dependencies": {
        "mp3-cutter": "^1.0.6"
      }
    },
    "node_modules/mp3-cutter": {
      "version": "1.0.6",
      "resolved": "https://registry.npmjs.org/mp3-cutter/-/mp3-cutter-1.0.6.tgz",
      "integrity": "sha512-5lEKhu9BFcf/9hZaiwGI5EFjL+ynwM9+IaDzxLTKgvG/JWJHLQgX65Xa/kOJgjJMNT1tuUkjpbjaiB735LFiyg==",
      "bin": {
        "mp3-cutter": "bin/mp3-cutter"
      }
    }
  },
  "dependencies": {
    "mp3-cutter": {
      "version": "1.0.6",
      "resolved": "https://registry.npmjs.org/mp3-cutter/-/mp3-cutter-1.0.6.tgz",
      "integrity": "sha512-5lEKhu9BFcf/9hZaiwGI5EFjL+ynwM9+IaDzxLTKgvG/JWJHLQgX65Xa/kOJgjJMNT1tuUkjpbjaiB735LFiyg=="
    }
  }
}
